
Microsoft Visual Studio Solution File, Format Version 12.00
# Visual Studio Version 17
VisualStudioVersion = 17.0.31903.59
MinimumVisualStudioVersion = 10.0.40219.1
Project("{FAE04EC0-301F-11D3-BF4B-00C04F79EFBC}") = "InheritanceDemo", "InheritanceDemo\InheritanceDemo.csproj", "{B798CAD2-B8DA-48E1-893F-004363AA1535}"
EndProject
Project("{FAE04EC0-301F-11D3-BF4B-00C04F79EFBC}") = "AbstractClassDemo", "AbstractClassDemo\AbstractClassDemo.csproj", "{DA9DE301-6A54-4199-AA04-C2DFD232069E}"
EndProject
Project("{FAE04EC0-301F-11D3-BF4B-00C04F79EFBC}") = "InterfaceDemo", "InterfaceDemo\InterfaceDemo.csproj", "{CEDA7EC5-4124-485B-AF0E-F0DDB50DDAE3}"
EndProject
Global
	GlobalSection(SolutionConfigurationPlatforms) = preSolution
		Debug|Any CPU = Debug|Any CPU
		Release|Any CPU = Release|Any CPU
	EndGlobalSection
	GlobalSection(SolutionProperties) = preSolution
		HideSolutionNode = FALSE
	EndGlobalSection
	GlobalSection(ProjectConfigurationPlatforms) = postSolution
		{B798CAD2-B8DA-48E1-893F-004363AA1535}.Debug|Any CPU.ActiveCfg = Debug|Any CPU
		{B798CAD2-B8DA-48E1-893F-004363AA1535}.Debug|Any CPU.Build.0 = Debug|Any CPU
		{B798CAD2-B8DA-48E1-893F-004363AA1535}.Release|Any CPU.ActiveCfg = Release|Any CPU
		{B798CAD2-B8DA-48E1-893F-004363AA1535}.Release|Any CPU.Build.0 = Release|Any CPU
		{DA9DE301-6A54-4199-AA04-C2DFD232069E}.Debug|Any CPU.ActiveCfg = Debug|Any CPU
		{DA9DE301-6A54-4199-AA04-C2DFD232069E}.Debug|Any CPU.Build.0 = Debug|Any CPU
		{DA9DE301-6A54-4199-AA04-C2DFD232069E}.Release|Any CPU.ActiveCfg = Release|Any CPU
		{DA9DE301-6A54-4199-AA04-C2DFD232069E}.Release|Any CPU.Build.0 = Release|Any CPU
		{CEDA7EC5-4124-485B-AF0E-F0DDB50DDAE3}.Debug|Any CPU.ActiveCfg = Debug|Any CPU
		{CEDA7EC5-4124-485B-AF0E-F0DDB50DDAE3}.Debug|Any CPU.Build.0 = Debug|Any CPU
		{CEDA7EC5-4124-485B-AF0E-F0DDB50DDAE3}.Release|Any CPU.ActiveCfg = Release|Any CPU
		{CEDA7EC5-4124-485B-AF0E-F0DDB50DDAE3}.Release|Any CPU.Build.0 = Release|Any CPU
	EndGlobalSection
EndGlobal
